
Microsoft Visual Studio Solution File, Format Version 12.00
# Visual Studio Version 17
VisualStudioVersion = 17.4.33205.214
MinimumVisualStudioVersion = 10.0.40219.1
Project("{FAE04EC0-301F-11D3-BF4B-00C04F79EFBC}") = "MVCWithIdentity", "MVCWithIdentity\MVCWithIdentity.csproj", "{24FAC7C5-7D1F-49DA-802E-9A04C57435E4}"
EndProject
Global
	GlobalSection(SolutionConfigurationPlatforms) = preSolution
		Debug|Any CPU = Debug|Any CPU
		Release|Any CPU = Release|Any CPU
	EndGlobalSection
	GlobalSection(ProjectConfigurationPlatforms) = postSolution
		{24FAC7C5-7D1F-49DA-802E-9A04C57435E4}.Debug|Any CPU.ActiveCfg = Debug|Any CPU
		{24FAC7C5-7D1F-49DA-802E-9A04C57435E4}.Debug|Any CPU.Build.0 = Debug|Any CPU
		{24FAC7C5-7D1F-49DA-802E-9A04C57435E4}.Release|Any CPU.ActiveCfg = Release|Any CPU
		{24FAC7C5-7D1F-49DA-802E-9A04C57435E4}.Release|Any CPU.Build.0 = Release|Any CPU
	EndGlobalSection
	GlobalSection(SolutionProperties) = preSolution
		HideSolutionNode = FALSE
	EndGlobalSection
	GlobalSection(ExtensibilityGlobals) = postSolution
		SolutionGuid = {DEBD880E-E57C-42F0-904D-7A9A6589609D}
	EndGlobalSection
EndGlobal
